
Microsoft Visual Studio Solution File, Format Version 12.00
# Visual Studio 2015
Project("{FAE04EC0-301F-11D3-BF4B-00C04F79EFBC}") = "430ProjectA.CSharp", "430ProjectA.CSharp.csproj", "{FEB71892-D9E9-6B61-EF38-EEFC4E878E9B}"
EndProject
Global
	GlobalSection(SolutionConfigurationPlatforms) = preSolution
		Debug|Any CPU = Debug|Any CPU
		Release|Any CPU = Release|Any CPU
	EndGlobalSection
	GlobalSection(ProjectConfigurationPlatforms) = postSolution
		{FEB71892-D9E9-6B61-EF38-EEFC4E878E9B}.Debug|Any CPU.ActiveCfg = Debug|Any CPU
		{FEB71892-D9E9-6B61-EF38-EEFC4E878E9B}.Debug|Any CPU.Build.0 = Debug|Any CPU
		{FEB71892-D9E9-6B61-EF38-EEFC4E878E9B}.Release|Any CPU.ActiveCfg = Release|Any CPU
		{FEB71892-D9E9-6B61-EF38-EEFC4E878E9B}.Release|Any CPU.Build.0 = Release|Any CPU
	EndGlobalSection
	GlobalSection(SolutionProperties) = preSolution
		HideSolutionNode = FALSE
	EndGlobalSection
EndGlobal
