
Microsoft Visual Studio Solution File, Format Version 12.00
# Visual Studio 2015
Project("{FAE04EC0-301F-11D3-BF4B-00C04F79EFBC}") = "CMPT430FinalProject.CSharp", "CMPT430FinalProject.CSharp.csproj", "{F58252A3-F790-00B6-2BB7-A3AA88D7A757}"
EndProject
Global
	GlobalSection(SolutionConfigurationPlatforms) = preSolution
		Debug|Any CPU = Debug|Any CPU
		Release|Any CPU = Release|Any CPU
	EndGlobalSection
	GlobalSection(ProjectConfigurationPlatforms) = postSolution
		{F58252A3-F790-00B6-2BB7-A3AA88D7A757}.Debug|Any CPU.ActiveCfg = Debug|Any CPU
		{F58252A3-F790-00B6-2BB7-A3AA88D7A757}.Debug|Any CPU.Build.0 = Debug|Any CPU
		{F58252A3-F790-00B6-2BB7-A3AA88D7A757}.Release|Any CPU.ActiveCfg = Release|Any CPU
		{F58252A3-F790-00B6-2BB7-A3AA88D7A757}.Release|Any CPU.Build.0 = Release|Any CPU
	EndGlobalSection
	GlobalSection(SolutionProperties) = preSolution
		HideSolutionNode = FALSE
	EndGlobalSection
EndGlobal
